
Microsoft Visual Studio Solution File, Format Version 12.00
# Visual Studio Version 16
VisualStudioVersion = 16.0.31624.102
MinimumVisualStudioVersion = 10.0.40219.1
Project("{FAE04EC0-301F-11D3-BF4B-00C04F79EFBC}") = "BlazorServerSide", "BlazorServerSide\BlazorServerSide.csproj", "{CE576E14-3E0F-4EDD-8E68-65B7D720EF23}"
EndProject
Global
	GlobalSection(SolutionConfigurationPlatforms) = preSolution
		Debug|Any CPU = Debug|Any CPU
		Release|Any CPU = Release|Any CPU
	EndGlobalSection
	GlobalSection(ProjectConfigurationPlatforms) = postSolution
		{CE576E14-3E0F-4EDD-8E68-65B7D720EF23}.Debug|Any CPU.ActiveCfg = Debug|Any CPU
		{CE576E14-3E0F-4EDD-8E68-65B7D720EF23}.Debug|Any CPU.Build.0 = Debug|Any CPU
		{CE576E14-3E0F-4EDD-8E68-65B7D720EF23}.Release|Any CPU.ActiveCfg = Release|Any CPU
		{CE576E14-3E0F-4EDD-8E68-65B7D720EF23}.Release|Any CPU.Build.0 = Release|Any CPU
	EndGlobalSection
	GlobalSection(SolutionProperties) = preSolution
		HideSolutionNode = FALSE
	EndGlobalSection
	GlobalSection(ExtensibilityGlobals) = postSolution
		SolutionGuid = {DC9D1104-5380-47D5-9209-6E576F22B6AF}
	EndGlobalSection
EndGlobal
